
Microsoft Visual Studio Solution File, Format Version 12.00
# Visual Studio Version 17
VisualStudioVersion = 17.14.36623.8 d17.14
MinimumVisualStudioVersion = 10.0.40219.1
Project("{FAE04EC0-301F-11D3-BF4B-00C04F79EFBC}") = "ConsoleApp14", "ConsoleApp14.csproj", "{D18B2144-445E-4BF8-A707-F5435458FDEA}"
EndProject
Global
	GlobalSection(SolutionConfigurationPlatforms) = preSolution
		Debug|Any CPU = Debug|Any CPU
		Release|Any CPU = Release|Any CPU
	EndGlobalSection
	GlobalSection(ProjectConfigurationPlatforms) = postSolution
		{D18B2144-445E-4BF8-A707-F5435458FDEA}.Debug|Any CPU.ActiveCfg = Debug|Any CPU
		{D18B2144-445E-4BF8-A707-F5435458FDEA}.Debug|Any CPU.Build.0 = Debug|Any CPU
		{D18B2144-445E-4BF8-A707-F5435458FDEA}.Release|Any CPU.ActiveCfg = Release|Any CPU
		{D18B2144-445E-4BF8-A707-F5435458FDEA}.Release|Any CPU.Build.0 = Release|Any CPU
	EndGlobalSection
	GlobalSection(SolutionProperties) = preSolution
		HideSolutionNode = FALSE
	EndGlobalSection
	GlobalSection(ExtensibilityGlobals) = postSolution
		SolutionGuid = {BFC220BE-AF10-4BB5-B087-94C971D6D9B6}
	EndGlobalSection
EndGlobal
