
Microsoft Visual Studio Solution File, Format Version 12.00
# Visual Studio Version 17
VisualStudioVersion = 17.14.36623.8 d17.14
MinimumVisualStudioVersion = 10.0.40219.1
Project("{FAE04EC0-301F-11D3-BF4B-00C04F79EFBC}") = "ConsoleApp18", "ConsoleApp18.csproj", "{8FE3DAD6-D677-46D5-A6E2-D9FA04FD3E48}"
EndProject
Global
	GlobalSection(SolutionConfigurationPlatforms) = preSolution
		Debug|Any CPU = Debug|Any CPU
		Release|Any CPU = Release|Any CPU
	EndGlobalSection
	GlobalSection(ProjectConfigurationPlatforms) = postSolution
		{8FE3DAD6-D677-46D5-A6E2-D9FA04FD3E48}.Debug|Any CPU.ActiveCfg = Debug|Any CPU
		{8FE3DAD6-D677-46D5-A6E2-D9FA04FD3E48}.Debug|Any CPU.Build.0 = Debug|Any CPU
		{8FE3DAD6-D677-46D5-A6E2-D9FA04FD3E48}.Release|Any CPU.ActiveCfg = Release|Any CPU
		{8FE3DAD6-D677-46D5-A6E2-D9FA04FD3E48}.Release|Any CPU.Build.0 = Release|Any CPU
	EndGlobalSection
	GlobalSection(SolutionProperties) = preSolution
		HideSolutionNode = FALSE
	EndGlobalSection
	GlobalSection(ExtensibilityGlobals) = postSolution
		SolutionGuid = {0082C538-69DF-46AE-82EA-B67133D78F4B}
	EndGlobalSection
EndGlobal
