
Microsoft Visual Studio Solution File, Format Version 12.00
# Visual Studio Version 17
VisualStudioVersion = 17.14.36804.6 d17.14
MinimumVisualStudioVersion = 10.0.40219.1
Project("{FAE04EC0-301F-11D3-BF4B-00C04F79EFBC}") = "CodeFirstNewDatabaseSample", "CodeFirstNewDatabaseSample.csproj", "{17273610-EB69-41E3-855D-F9A7D0EBF965}"
EndProject
Global
	GlobalSection(SolutionConfigurationPlatforms) = preSolution
		Debug|Any CPU = Debug|Any CPU
		Release|Any CPU = Release|Any CPU
	EndGlobalSection
	GlobalSection(ProjectConfigurationPlatforms) = postSolution
		{17273610-EB69-41E3-855D-F9A7D0EBF965}.Debug|Any CPU.ActiveCfg = Debug|Any CPU
		{17273610-EB69-41E3-855D-F9A7D0EBF965}.Debug|Any CPU.Build.0 = Debug|Any CPU
		{17273610-EB69-41E3-855D-F9A7D0EBF965}.Release|Any CPU.ActiveCfg = Release|Any CPU
		{17273610-EB69-41E3-855D-F9A7D0EBF965}.Release|Any CPU.Build.0 = Release|Any CPU
	EndGlobalSection
	GlobalSection(SolutionProperties) = preSolution
		HideSolutionNode = FALSE
	EndGlobalSection
	GlobalSection(ExtensibilityGlobals) = postSolution
		SolutionGuid = {8956A15E-C78E-48B1-83AA-BEF719433D0D}
	EndGlobalSection
EndGlobal
